
Microsoft Visual Studio Solution File, Format Version 12.00
# Visual Studio Version 17
VisualStudioVersion = 17.3.32519.111
MinimumVisualStudioVersion = 10.0.40219.1
Project("{FAE04EC0-301F-11D3-BF4B-00C04F79EFBC}") = "RabbitMQ.Producer", "src\RabbitMq.Producer\RabbitMQ.Producer.csproj", "{32FB7F28-4A26-40CD-A3F5-71FEC9B6A8E1}"
EndProject
Project("{FAE04EC0-301F-11D3-BF4B-00C04F79EFBC}") = "RabbitMQ.Consumer", "src\RabbitMQ.Consumer\RabbitMQ.Consumer.csproj", "{8D38DCF5-9A9D-49C4-AE24-DCDD8F7170B4}"
EndProject
Global
	GlobalSection(SolutionConfigurationPlatforms) = preSolution
		Debug|Any CPU = Debug|Any CPU
		Release|Any CPU = Release|Any CPU
	EndGlobalSection
	GlobalSection(ProjectConfigurationPlatforms) = postSolution
		{32FB7F28-4A26-40CD-A3F5-71FEC9B6A8E1}.Debug|Any CPU.ActiveCfg = Debug|Any CPU
		{32FB7F28-4A26-40CD-A3F5-71FEC9B6A8E1}.Debug|Any CPU.Build.0 = Debug|Any CPU
		{32FB7F28-4A26-40CD-A3F5-71FEC9B6A8E1}.Release|Any CPU.ActiveCfg = Release|Any CPU
		{32FB7F28-4A26-40CD-A3F5-71FEC9B6A8E1}.Release|Any CPU.Build.0 = Release|Any CPU
		{8D38DCF5-9A9D-49C4-AE24-DCDD8F7170B4}.Debug|Any CPU.ActiveCfg = Debug|Any CPU
		{8D38DCF5-9A9D-49C4-AE24-DCDD8F7170B4}.Debug|Any CPU.Build.0 = Debug|Any CPU
		{8D38DCF5-9A9D-49C4-AE24-DCDD8F7170B4}.Release|Any CPU.ActiveCfg = Release|Any CPU
		{8D38DCF5-9A9D-49C4-AE24-DCDD8F7170B4}.Release|Any CPU.Build.0 = Release|Any CPU
	EndGlobalSection
	GlobalSection(SolutionProperties) = preSolution
		HideSolutionNode = FALSE
	EndGlobalSection
	GlobalSection(ExtensibilityGlobals) = postSolution
		SolutionGuid = {6F5349D0-F7FD-4AC7-939D-2553415727DB}
	EndGlobalSection
EndGlobal
